
Microsoft Visual Studio Solution File, Format Version 12.00
# Visual Studio Version 17
VisualStudioVersion = 17.3.32929.385
MinimumVisualStudioVersion = 10.0.40219.1
Project("{FAE04EC0-301F-11D3-BF4B-00C04F79EFBC}") = "Entities", "Entities\Entities.csproj", "{276E7F69-BB8E-457F-B7D6-D86E6526D382}"
EndProject
Project("{FAE04EC0-301F-11D3-BF4B-00C04F79EFBC}") = "DataAccess", "DataAccess\DataAccess.csproj", "{9074507D-52CC-4D01-A55B-3D41A49CE3A2}"
EndProject
Project("{FAE04EC0-301F-11D3-BF4B-00C04F79EFBC}") = "Business", "Business\Business.csproj", "{230B9B96-EC5B-497F-A7EF-B40C9429CE73}"
EndProject
Project("{9A19103F-16F7-4668-BE54-9A1E7A4F7556}") = "Core", "..\..\..\Core\Core.csproj", "{47B36E69-B13C-46EA-A9E1-4AFCB2224B04}"
EndProject
Global
	GlobalSection(SolutionConfigurationPlatforms) = preSolution
		Debug|Any CPU = Debug|Any CPU
		Release|Any CPU = Release|Any CPU
	EndGlobalSection
	GlobalSection(ProjectConfigurationPlatforms) = postSolution
		{276E7F69-BB8E-457F-B7D6-D86E6526D382}.Debug|Any CPU.ActiveCfg = Debug|Any CPU
		{276E7F69-BB8E-457F-B7D6-D86E6526D382}.Debug|Any CPU.Build.0 = Debug|Any CPU
		{276E7F69-BB8E-457F-B7D6-D86E6526D382}.Release|Any CPU.ActiveCfg = Release|Any CPU
		{276E7F69-BB8E-457F-B7D6-D86E6526D382}.Release|Any CPU.Build.0 = Release|Any CPU
		{9074507D-52CC-4D01-A55B-3D41A49CE3A2}.Debug|Any CPU.ActiveCfg = Debug|Any CPU
		{9074507D-52CC-4D01-A55B-3D41A49CE3A2}.Debug|Any CPU.Build.0 = Debug|Any CPU
		{9074507D-52CC-4D01-A55B-3D41A49CE3A2}.Release|Any CPU.ActiveCfg = Release|Any CPU
		{9074507D-52CC-4D01-A55B-3D41A49CE3A2}.Release|Any CPU.Build.0 = Release|Any CPU
		{230B9B96-EC5B-497F-A7EF-B40C9429CE73}.Debug|Any CPU.ActiveCfg = Debug|Any CPU
		{230B9B96-EC5B-497F-A7EF-B40C9429CE73}.Debug|Any CPU.Build.0 = Debug|Any CPU
		{230B9B96-EC5B-497F-A7EF-B40C9429CE73}.Release|Any CPU.ActiveCfg = Release|Any CPU
		{230B9B96-EC5B-497F-A7EF-B40C9429CE73}.Release|Any CPU.Build.0 = Release|Any CPU
		{47B36E69-B13C-46EA-A9E1-4AFCB2224B04}.Debug|Any CPU.ActiveCfg = Debug|Any CPU
		{47B36E69-B13C-46EA-A9E1-4AFCB2224B04}.Debug|Any CPU.Build.0 = Debug|Any CPU
		{47B36E69-B13C-46EA-A9E1-4AFCB2224B04}.Release|Any CPU.ActiveCfg = Release|Any CPU
		{47B36E69-B13C-46EA-A9E1-4AFCB2224B04}.Release|Any CPU.Build.0 = Release|Any CPU
	EndGlobalSection
	GlobalSection(SolutionProperties) = preSolution
		HideSolutionNode = FALSE
	EndGlobalSection
	GlobalSection(ExtensibilityGlobals) = postSolution
		SolutionGuid = {51FD8A05-06A8-47FB-8A08-E7953435F4DC}
	EndGlobalSection
EndGlobal
